// !$*UTF8*$!
{
	archiveVersion = 1;
	classes = {
	};
	objectVersion = 46;
	objects = {

/* Begin PBXBuildFile section */
		A22E25FB1B5440ED00CD3FB8 /* main.m in Sources */ = {isa = PBXBuildFile; fileRef = A22E25FA1B5440ED00CD3FB8 /* main.m */; };
		A22E25FE1B5440ED00CD3FB8 /* AppDelegate.m in Sources */ = {isa = PBXBuildFile; fileRef = A22E25FD1B5440ED00CD3FB8 /* AppDelegate.m */; };
		A22E26011B5440ED00CD3FB8 /* GameScene.m in Sources */ = {isa = PBXBuildFile; fileRef = A22E26001B5440ED00CD3FB8 /* GameScene.m */; };
		A22E26031B5440ED00CD3FB8 /* GameScene.sks in Resources */ = {isa = PBXBuildFile; fileRef = A22E26021B5440ED00CD3FB8 /* GameScene.sks */; };
		A22E26061B5440ED00CD3FB8 /* GameViewController.m in Sources */ = {isa = PBXBuildFile; fileRef = A22E26051B5440ED00CD3FB8 /* GameViewController.m */; };
		A22E26091B5440ED00CD3FB8 /* Main.storyboard in Resources */ = {isa = PBXBuildFile; fileRef = A22E26071B5440ED00CD3FB8 /* Main.storyboard */; };
		A22E260B1B5440ED00CD3FB8 /* Images.xcassets in Resources */ = {isa = PBXBuildFile; fileRef = A22E260A1B5440ED00CD3FB8 /* Images.xcassets */; };
		A22E260E1B5440ED00CD3FB8 /* LaunchScreen.xib in Resources */ = {isa = PBXBuildFile; fileRef = A22E260C1B5440ED00CD3FB8 /* LaunchScreen.xib */; };
		A22E261A1B5440ED00CD3FB8 /* MontanaTests.m in Sources */ = {isa = PBXBuildFile; fileRef = A22E26191B5440ED00CD3FB8 /* MontanaTests.m */; };
		A22E26251B5441AF00CD3FB8 /* Card.m in Sources */ = {isa = PBXBuildFile; fileRef = A22E26241B5441AF00CD3FB8 /* Card.m */; };
		A22E26281B54423600CD3FB8 /* Deck.m in Sources */ = {isa = PBXBuildFile; fileRef = A22E26271B54423600CD3FB8 /* Deck.m */; };
		A22E262B1B54426800CD3FB8 /* Board.m in Sources */ = {isa = PBXBuildFile; fileRef = A22E262A1B54426800CD3FB8 /* Board.m */; };
		A22E262E1B5442A600CD3FB8 /* Game.m in Sources */ = {isa = PBXBuildFile; fileRef = A22E262D1B5442A600CD3FB8 /* Game.m */; };
		A22E26311B545C9A00CD3FB8 /* Location.m in Sources */ = {isa = PBXBuildFile; fileRef = A22E26301B545C9A00CD3FB8 /* Location.m */; };
/* End PBXBuildFile section */

/* Begin PBXContainerItemProxy section */
		A22E26141B5440ED00CD3FB8 /* PBXContainerItemProxy */ = {
			isa = PBXContainerItemProxy;
			containerPortal = A22E25ED1B5440ED00CD3FB8 /* Project object */;
			proxyType = 1;
			remoteGlobalIDString = A22E25F41B5440ED00CD3FB8;
			remoteInfo = Montana;
		};
/* End PBXContainerItemProxy section */

/* Begin PBXFileReference section */
		A22E25F51B5440ED00CD3FB8 /* Montana.app */ = {isa = PBXFileReference; explicitFileType = wrapper.application; includeInIndex = 0; path = Montana.app; sourceTree = BUILT_PRODUCTS_DIR; };
		A22E25F91B5440ED00CD3FB8 /* Info.plist */ = {isa = PBXFileReference; lastKnownFileType = text.plist.xml; path = Info.plist; sourceTree = "<group>"; };
		A22E25FA1B5440ED00CD3FB8 /* main.m */ = {isa = PBXFileReference; lastKnownFileType = sourcecode.c.objc; path = main.m; sourceTree = "<group>"; };
		A22E25FC1B5440ED00CD3FB8 /* AppDelegate.h */ = {isa = PBXFileReference; lastKnownFileType = sourcecode.c.h; path = AppDelegate.h; sourceTree = "<group>"; };
		A22E25FD1B5440ED00CD3FB8 /* AppDelegate.m */ = {isa = PBXFileReference; lastKnownFileType = sourcecode.c.objc; path = AppDelegate.m; sourceTree = "<group>"; };
		A22E25FF1B5440ED00CD3FB8 /* GameScene.h */ = {isa = PBXFileReference; lastKnownFileType = sourcecode.c.h; path = GameScene.h; sourceTree = "<group>"; };
		A22E26001B5440ED00CD3FB8 /* GameScene.m */ = {isa = PBXFileReference; lastKnownFileType = sourcecode.c.objc; path = GameScene.m; sourceTree = "<group>"; };
		A22E26021B5440ED00CD3FB8 /* GameScene.sks */ = {isa = PBXFileReference; lastKnownFileType = file.sks; path = GameScene.sks; sourceTree = "<group>"; };
		A22E26041B5440ED00CD3FB8 /* GameViewController.h */ = {isa = PBXFileReference; lastKnownFileType = sourcecode.c.h; path = GameViewController.h; sourceTree = "<group>"; };
		A22E26051B5440ED00CD3FB8 /* GameViewController.m */ = {isa = PBXFileReference; lastKnownFileType = sourcecode.c.objc; path = GameViewController.m; sourceTree = "<group>"; };
		A22E26081B5440ED00CD3FB8 /* Base */ = {isa = PBXFileReference; lastKnownFileType = file.storyboard; name = Base; path = Base.lproj/Main.storyboard; sourceTree = "<group>"; };
		A22E260A1B5440ED00CD3FB8 /* Images.xcassets */ = {isa = PBXFileReference; lastKnownFileType = folder.assetcatalog; path = Images.xcassets; sourceTree = "<group>"; };
		A22E260D1B5440ED00CD3FB8 /* Base */ = {isa = PBXFileReference; lastKnownFileType = file.xib; name = Base; path = Base.lproj/LaunchScreen.xib; sourceTree = "<group>"; };
		A22E26131B5440ED00CD3FB8 /* MontanaTests.xctest */ = {isa = PBXFileReference; explicitFileType = wrapper.cfbundle; includeInIndex = 0; path = MontanaTests.xctest; sourceTree = BUILT_PRODUCTS_DIR; };
		A22E26181B5440ED00CD3FB8 /* Info.plist */ = {isa = PBXFileReference; lastKnownFileType = text.plist.xml; path = Info.plist; sourceTree = "<group>"; };
		A22E26191B5440ED00CD3FB8 /* MontanaTests.m */ = {isa = PBXFileReference; lastKnownFileType = sourcecode.c.objc; path = MontanaTests.m; sourceTree = "<group>"; };
		A22E26231B5441AF00CD3FB8 /* Card.h */ = {isa = PBXFileReference; fileEncoding = 4; lastKnownFileType = sourcecode.c.h; path = Card.h; sourceTree = "<group>"; };
		A22E26241B5441AF00CD3FB8 /* Card.m */ = {isa = PBXFileReference; fileEncoding = 4; lastKnownFileType = sourcecode.c.objc; path = Card.m; sourceTree = "<group>"; };
		A22E26261B54423600CD3FB8 /* Deck.h */ = {isa = PBXFileReference; fileEncoding = 4; lastKnownFileType = sourcecode.c.h; path = Deck.h; sourceTree = "<group>"; };
		A22E26271B54423600CD3FB8 /* Deck.m */ = {isa = PBXFileReference; fileEncoding = 4; lastKnownFileType = sourcecode.c.objc; path = Deck.m; sourceTree = "<group>"; };
		A22E26291B54426800CD3FB8 /* Board.h */ = {isa = PBXFileReference; fileEncoding = 4; lastKnownFileType = sourcecode.c.h; path = Board.h; sourceTree = "<group>"; };
		A22E262A1B54426800CD3FB8 /* Board.m */ = {isa = PBXFileReference; fileEncoding = 4; lastKnownFileType = sourcecode.c.objc; path = Board.m; sourceTree = "<group>"; };
		A22E262C1B5442A600CD3FB8 /* Game.h */ = {isa = PBXFileReference; fileEncoding = 4; lastKnownFileType = sourcecode.c.h; path = Game.h; sourceTree = "<group>"; };
		A22E262D1B5442A600CD3FB8 /* Game.m */ = {isa = PBXFileReference; fileEncoding = 4; lastKnownFileType = sourcecode.c.objc; path = Game.m; sourceTree = "<group>"; };
		A22E262F1B545C9A00CD3FB8 /* Location.h */ = {isa = PBXFileReference; fileEncoding = 4; lastKnownFileType = sourcecode.c.h; path = Location.h; sourceTree = "<group>"; };
		A22E26301B545C9A00CD3FB8 /* Location.m */ = {isa = PBXFileReference; fileEncoding = 4; lastKnownFileType = sourcecode.c.objc; path = Location.m; sourceTree = "<group>"; };
/* End PBXFileReference section */

/* Begin PBXFrameworksBuildPhase section */
		A22E25F21B5440ED00CD3FB8 /* Frameworks */ = {
			isa = PBXFrameworksBuildPhase;
			buildActionMask = 2147483647;
			files = (
			);
			runOnlyForDeploymentPostprocessing = 0;
		};
		A22E26101B5440ED00CD3FB8 /* Frameworks */ = {
			isa = PBXFrameworksBuildPhase;
			buildActionMask = 2147483647;
			files = (
			);
			runOnlyForDeploymentPostprocessing = 0;
		};
/* End PBXFrameworksBuildPhase section */

/* Begin PBXGroup section */
		A22E25EC1B5440ED00CD3FB8 = {
			isa = PBXGroup;
			children = (
				A22E25F71B5440ED00CD3FB8 /* Montana */,
				A22E26161B5440ED00CD3FB8 /* MontanaTests */,
				A22E25F61B5440ED00CD3FB8 /* Products */,
			);
			sourceTree = "<group>";
		};
		A22E25F61B5440ED00CD3FB8 /* Products */ = {
			isa = PBXGroup;
			children = (
				A22E25F51B5440ED00CD3FB8 /* Montana.app */,
				A22E26131B5440ED00CD3FB8 /* MontanaTests.xctest */,
			);
			name = Products;
			sourceTree = "<group>";
		};
		A22E25F71B5440ED00CD3FB8 /* Montana */ = {
			isa = PBXGroup;
			children = (
				A22E26231B5441AF00CD3FB8 /* Card.h */,
				A22E26241B5441AF00CD3FB8 /* Card.m */,
				A22E26261B54423600CD3FB8 /* Deck.h */,
				A22E26271B54423600CD3FB8 /* Deck.m */,
				A22E262F1B545C9A00CD3FB8 /* Location.h */,
				A22E26301B545C9A00CD3FB8 /* Location.m */,
				A22E26291B54426800CD3FB8 /* Board.h */,
				A22E262A1B54426800CD3FB8 /* Board.m */,
				A22E262C1B5442A600CD3FB8 /* Game.h */,
				A22E262D1B5442A600CD3FB8 /* Game.m */,
				A22E25FC1B5440ED00CD3FB8 /* AppDelegate.h */,
				A22E25FD1B5440ED00CD3FB8 /* AppDelegate.m */,
				A22E25FF1B5440ED00CD3FB8 /* GameScene.h */,
				A22E26001B5440ED00CD3FB8 /* GameScene.m */,
				A22E26021B5440ED00CD3FB8 /* GameScene.sks */,
				A22E26041B5440ED00CD3FB8 /* GameViewController.h */,
				A22E26051B5440ED00CD3FB8 /* GameViewController.m */,
				A22E26071B5440ED00CD3FB8 /* Main.storyboard */,
				A22E260A1B5440ED00CD3FB8 /* Images.xcassets */,
				A22E260C1B5440ED00CD3FB8 /* LaunchScreen.xib */,
				A22E25F81B5440ED00CD3FB8 /* Supporting Files */,
			);
			path = Montana;
			sourceTree = "<group>";
		};
		A22E25F81B5440ED00CD3FB8 /* Supporting Files */ = {
			isa = PBXGroup;
			children = (
				A22E25F91B5440ED00CD3FB8 /* Info.plist */,
				A22E25FA1B5440ED00CD3FB8 /* main.m */,
			);
			name = "Supporting Files";
			sourceTree = "<group>";
		};
		A22E26161B5440ED00CD3FB8 /* MontanaTests */ = {
			isa = PBXGroup;
			children = (
				A22E26191B5440ED00CD3FB8 /* MontanaTests.m */,
				A22E26171B5440ED00CD3FB8 /* Supporting Files */,
			);
			path = MontanaTests;
			sourceTree = "<group>";
		};
		A22E26171B5440ED00CD3FB8 /* Supporting Files */ = {
			isa = PBXGroup;
			children = (
				A22E26181B5440ED00CD3FB8 /* Info.plist */,
			);
			name = "Supporting Files";
			sourceTree = "<group>";
		};
/* End PBXGroup section */

/* Begin PBXNativeTarget section */
		A22E25F41B5440ED00CD3FB8 /* Montana */ = {
			isa = PBXNativeTarget;
			buildConfigurationList = A22E261D1B5440ED00CD3FB8 /* Build configuration list for PBXNativeTarget "Montana" */;
			buildPhases = (
				A22E25F11B5440ED00CD3FB8 /* Sources */,
				A22E25F21B5440ED00CD3FB8 /* Frameworks */,
				A22E25F31B5440ED00CD3FB8 /* Resources */,
			);
			buildRules = (
			);
			dependencies = (
			);
			name = Montana;
			productName = Montana;
			productReference = A22E25F51B5440ED00CD3FB8 /* Montana.app */;
			productType = "com.apple.product-type.application";
		};
		A22E26121B5440ED00CD3FB8 /* MontanaTests */ = {
			isa = PBXNativeTarget;
			buildConfigurationList = A22E26201B5440ED00CD3FB8 /* Build configuration list for PBXNativeTarget "MontanaTests" */;
			buildPhases = (
				A22E260F1B5440ED00CD3FB8 /* Sources */,
				A22E26101B5440ED00CD3FB8 /* Frameworks */,
				A22E26111B5440ED00CD3FB8 /* Resources */,
			);
			buildRules = (
			);
			dependencies = (
				A22E26151B5440ED00CD3FB8 /* PBXTargetDependency */,
			);
			name = MontanaTests;
			productName = MontanaTests;
			productReference = A22E26131B5440ED00CD3FB8 /* MontanaTests.xctest */;
			productType = "com.apple.product-type.bundle.unit-test";
		};
/* End PBXNativeTarget section */

/* Begin PBXProject section */
		A22E25ED1B5440ED00CD3FB8 /* Project object */ = {
			isa = PBXProject;
			attributes = {
				LastUpgradeCheck = 0640;
				ORGANIZATIONNAME = chibimagic;
				TargetAttributes = {
					A22E25F41B5440ED00CD3FB8 = {
						CreatedOnToolsVersion = 6.4;
					};
					A22E26121B5440ED00CD3FB8 = {
						CreatedOnToolsVersion = 6.4;
						TestTargetID = A22E25F41B5440ED00CD3FB8;
					};
				};
			};
			buildConfigurationList = A22E25F01B5440ED00CD3FB8 /* Build configuration list for PBXProject "Montana" */;
			compatibilityVersion = "Xcode 3.2";
			developmentRegion = English;
			hasScannedForEncodings = 0;
			knownRegions = (
				en,
				Base,
			);
			mainGroup = A22E25EC1B5440ED00CD3FB8;
			productRefGroup = A22E25F61B5440ED00CD3FB8 /* Products */;
			projectDirPath = "";
			projectRoot = "";
			targets = (
				A22E25F41B5440ED00CD3FB8 /* Montana */,
				A22E26121B5440ED00CD3FB8 /* MontanaTests */,
			);
		};
/* End PBXProject section */

/* Begin PBXResourcesBuildPhase section */
		A22E25F31B5440ED00CD3FB8 /* Resources */ = {
			isa = PBXResourcesBuildPhase;
			buildActionMask = 2147483647;
			files = (
				A22E260E1B5440ED00CD3FB8 /* LaunchScreen.xib in Resources */,
				A22E260B1B5440ED00CD3FB8 /* Images.xcassets in Resources */,
				A22E26031B5440ED00CD3FB8 /* GameScene.sks in Resources */,
				A22E26091B5440ED00CD3FB8 /* Main.storyboard in Resources */,
			);
			runOnlyForDeploymentPostprocessing = 0;
		};
		A22E26111B5440ED00CD3FB8 /* Resources */ = {
			isa = PBXResourcesBuildPhase;
			buildActionMask = 2147483647;
			files = (
			);
			runOnlyForDeploymentPostprocessing = 0;
		};
/* End PBXResourcesBuildPhase section */

/* Begin PBXSourcesBuildPhase section */
		A22E25F11B5440ED00CD3FB8 /* Sources */ = {
			isa = PBXSourcesBuildPhase;
			buildActionMask = 2147483647;
			files = (
				A22E262B1B54426800CD3FB8 /* Board.m in Sources */,
				A22E26251B5441AF00CD3FB8 /* Card.m in Sources */,
				A22E26061B5440ED00CD3FB8 /* GameViewController.m in Sources */,
				A22E262E1B5442A600CD3FB8 /* Game.m in Sources */,
				A22E26311B545C9A00CD3FB8 /* Location.m in Sources */,
				A22E25FE1B5440ED00CD3FB8 /* AppDelegate.m in Sources */,
				A22E26011B5440ED00CD3FB8 /* GameScene.m in Sources */,
				A22E26281B54423600CD3FB8 /* Deck.m in Sources */,
				A22E25FB1B5440ED00CD3FB8 /* main.m in Sources */,
			);
			runOnlyForDeploymentPostprocessing = 0;
		};
		A22E260F1B5440ED00CD3FB8 /* Sources */ = {
			isa = PBXSourcesBuildPhase;
			buildActionMask = 2147483647;
			files = (
				A22E261A1B5440ED00CD3FB8 /* MontanaTests.m in Sources */,
			);
			runOnlyForDeploymentPostprocessing = 0;
		};
/* End PBXSourcesBuildPhase section */

/* Begin PBXTargetDependency section */
		A22E26151B5440ED00CD3FB8 /* PBXTargetDependency */ = {
			isa = PBXTargetDependency;
			target = A22E25F41B5440ED00CD3FB8 /* Montana */;
			targetProxy = A22E26141B5440ED00CD3FB8 /* PBXContainerItemProxy */;
		};
/* End PBXTargetDependency section */

/* Begin PBXVariantGroup section */
		A22E26071B5440ED00CD3FB8 /* Main.storyboard */ = {
			isa = PBXVariantGroup;
			children = (
				A22E26081B5440ED00CD3FB8 /* Base */,
			);
			name = Main.storyboard;
			sourceTree = "<group>";
		};
		A22E260C1B5440ED00CD3FB8 /* LaunchScreen.xib */ = {
			isa = PBXVariantGroup;
			children = (
				A22E260D1B5440ED00CD3FB8 /* Base */,
			);
			name = LaunchScreen.xib;
			sourceTree = "<group>";
		};
/* End PBXVariantGroup section */

/* Begin XCBuildConfiguration section */
		A22E261B1B5440ED00CD3FB8 /* Debug */ = {
			isa = XCBuildConfiguration;
			buildSettings = {
				ALWAYS_SEARCH_USER_PATHS = NO;
				CLANG_CXX_LANGUAGE_STANDARD = "gnu++0x";
				CLANG_CXX_LIBRARY = "libc++";
				CLANG_ENABLE_MODULES = YES;
				CLANG_ENABLE_OBJC_ARC = YES;
				CLANG_WARN_BOOL_CONVERSION = YES;
				CLANG_WARN_CONSTANT_CONVERSION = YES;
				CLANG_WARN_DIRECT_OBJC_ISA_USAGE = YES_ERROR;
				CLANG_WARN_EMPTY_BODY = YES;
				CLANG_WARN_ENUM_CONVERSION = YES;
				CLANG_WARN_INT_CONVERSION = YES;
				CLANG_WARN_OBJC_ROOT_CLASS = YES_ERROR;
				CLANG_WARN_UNREACHABLE_CODE = YES;
				CLANG_WARN__DUPLICATE_METHOD_MATCH = YES;
				"CODE_SIGN_IDENTITY[sdk=iphoneos*]" = "iPhone Developer";
				COPY_PHASE_STRIP = NO;
				DEBUG_INFORMATION_FORMAT = "dwarf-with-dsym";
				ENABLE_STRICT_OBJC_MSGSEND = YES;
				GCC_C_LANGUAGE_STANDARD = gnu99;
				GCC_DYNAMIC_NO_PIC = NO;
				GCC_NO_COMMON_BLOCKS = YES;
				GCC_OPTIMIZATION_LEVEL = 0;
				GCC_PREPROCESSOR_DEFINITIONS = (
					"DEBUG=1",
					"$(inherited)",
				);
				GCC_SYMBOLS_PRIVATE_EXTERN = NO;
				GCC_WARN_64_TO_32_BIT_CONVERSION = YES;
				GCC_WARN_ABOUT_RETURN_TYPE = YES_ERROR;
				GCC_WARN_UNDECLARED_SELECTOR = YES;
				GCC_WARN_UNINITIALIZED_AUTOS = YES_AGGRESSIVE;
				GCC_WARN_UNUSED_FUNCTION = YES;
				GCC_WARN_UNUSED_VARIABLE = YES;
				IPHONEOS_DEPLOYMENT_TARGET = 8.4;
				MTL_ENABLE_DEBUG_INFO = YES;
				ONLY_ACTIVE_ARCH = YES;
				SDKROOT = iphoneos;
				TARGETED_DEVICE_FAMILY = "1,2";
			};
			name = Debug;
		};
		A22E261C1B5440ED00CD3FB8 /* Release */ = {
			isa = XCBuildConfiguration;
			buildSettings = {
				ALWAYS_SEARCH_USER_PATHS = NO;
				CLANG_CXX_LANGUAGE_STANDARD = "gnu++0x";
				CLANG_CXX_LIBRARY = "libc++";
				CLANG_ENABLE_MODULES = YES;
				CLANG_ENABLE_OBJC_ARC = YES;
				CLANG_WARN_BOOL_CONVERSION = YES;
				CLANG_WARN_CONSTANT_CONVERSION = YES;
				CLANG_WARN_DIRECT_OBJC_ISA_USAGE = YES_ERROR;
				CLANG_WARN_EMPTY_BODY = YES;
				CLANG_WARN_ENUM_CONVERSION = YES;
				CLANG_WARN_INT_CONVERSION = YES;
				CLANG_WARN_OBJC_ROOT_CLASS = YES_ERROR;
				CLANG_WARN_UNREACHABLE_CODE = YES;
				CLANG_WARN__DUPLICATE_METHOD_MATCH = YES;
				"CODE_SIGN_IDENTITY[sdk=iphoneos*]" = "iPhone Developer";
				COPY_PHASE_STRIP = NO;
				DEBUG_INFORMATION_FORMAT = "dwarf-with-dsym";
				ENABLE_NS_ASSERTIONS = NO;
				ENABLE_STRICT_OBJC_MSGSEND = YES;
				GCC_C_LANGUAGE_STANDARD = gnu99;
				GCC_NO_COMMON_BLOCKS = YES;
				GCC_WARN_64_TO_32_BIT_CONVERSION = YES;
				GCC_WARN_ABOUT_RETURN_TYPE = YES_ERROR;
				GCC_WARN_UNDECLARED_SELECTOR = YES;
				GCC_WARN_UNINITIALIZED_AUTOS = YES_AGGRESSIVE;
				GCC_WARN_UNUSED_FUNCTION = YES;
				GCC_WARN_UNUSED_VARIABLE = YES;
				IPHONEOS_DEPLOYMENT_TARGET = 8.4;
				MTL_ENABLE_DEBUG_INFO = NO;
				SDKROOT = iphoneos;
				TARGETED_DEVICE_FAMILY = "1,2";
				VALIDATE_PRODUCT = YES;
			};
			name = Release;
		};
		A22E261E1B5440ED00CD3FB8 /* Debug */ = {
			isa = XCBuildConfiguration;
			buildSettings = {
				ASSETCATALOG_COMPILER_APPICON_NAME = AppIcon;
				INFOPLIST_FILE = Montana/Info.plist;
				LD_RUNPATH_SEARCH_PATHS = "$(inherited) @executable_path/Frameworks";
				PRODUCT_NAME = "$(TARGET_NAME)";
			};
			name = Debug;
		};
		A22E261F1B5440ED00CD3FB8 /* Release */ = {
			isa = XCBuildConfiguration;
			buildSettings = {
				ASSETCATALOG_COMPILER_APPICON_NAME = AppIcon;
				INFOPLIST_FILE = Montana/Info.plist;
				LD_RUNPATH_SEARCH_PATHS = "$(inherited) @executable_path/Frameworks";
				PRODUCT_NAME = "$(TARGET_NAME)";
			};
			name = Release;
		};
		A22E26211B5440ED00CD3FB8 /* Debug */ = {
			isa = XCBuildConfiguration;
			buildSettings = {
				BUNDLE_LOADER = "$(TEST_HOST)";
				FRAMEWORK_SEARCH_PATHS = (
					"$(SDKROOT)/Developer/Library/Frameworks",
					"$(inherited)",
				);
				GCC_PREPROCESSOR_DEFINITIONS = (
					"DEBUG=1",
					"$(inherited)",
				);
				INFOPLIST_FILE = MontanaTests/Info.plist;
				LD_RUNPATH_SEARCH_PATHS = "$(inherited) @executable_path/Frameworks @loader_path/Frameworks";
				PRODUCT_NAME = "$(TARGET_NAME)";
				TEST_HOST = "$(BUILT_PRODUCTS_DIR)/Montana.app/Montana";
			};
			name = Debug;
		};
		A22E26221B5440ED00CD3FB8 /* Release */ = {
			isa = XCBuildConfiguration;
			buildSettings = {
				BUNDLE_LOADER = "$(TEST_HOST)";
				FRAMEWORK_SEARCH_PATHS = (
					"$(SDKROOT)/Developer/Library/Frameworks",
					"$(inherited)",
				);
				INFOPLIST_FILE = MontanaTests/Info.plist;
				LD_RUNPATH_SEARCH_PATHS = "$(inherited) @executable_path/Frameworks @loader_path/Frameworks";
				PRODUCT_NAME = "$(TARGET_NAME)";
				TEST_HOST = "$(BUILT_PRODUCTS_DIR)/Montana.app/Montana";
			};
			name = Release;
		};
/* End XCBuildConfiguration section */

/* Begin XCConfigurationList section */
		A22E25F01B5440ED00CD3FB8 /* Build configuration list for PBXProject "Montana" */ = {
			isa = XCConfigurationList;
			buildConfigurations = (
				A22E261B1B5440ED00CD3FB8 /* Debug */,
				A22E261C1B5440ED00CD3FB8 /* Release */,
			);
			defaultConfigurationIsVisible = 0;
			defaultConfigurationName = Release;
		};
		A22E261D1B5440ED00CD3FB8 /* Build configuration list for PBXNativeTarget "Montana" */ = {
			isa = XCConfigurationList;
			buildConfigurations = (
				A22E261E1B5440ED00CD3FB8 /* Debug */,
				A22E261F1B5440ED00CD3FB8 /* Release */,
			);
			defaultConfigurationIsVisible = 0;
			defaultConfigurationName = Release;
		};
		A22E26201B5440ED00CD3FB8 /* Build configuration list for PBXNativeTarget "MontanaTests" */ = {
			isa = XCConfigurationList;
			buildConfigurations = (
				A22E26211B5440ED00CD3FB8 /* Debug */,
				A22E26221B5440ED00CD3FB8 /* Release */,
			);
			defaultConfigurationIsVisible = 0;
			defaultConfigurationName = Release;
		};
/* End XCConfigurationList section */
	};
	rootObject = A22E25ED1B5440ED00CD3FB8 /* Project object */;
}
